// !$*UTF8*$!
{
	archiveVersion = 1;
	classes = {
	};
	objectVersion = 46;
	objects = {

/* Begin PBXBuildFile section */
		CCCAE4071CCF5E3B007A0B25 /* main.m in Sources */ = {isa = PBXBuildFile; fileRef = CCCAE4061CCF5E3B007A0B25 /* main.m */; };
		CCCAE40A1CCF5E3B007A0B25 /* AppDelegate.m in Sources */ = {isa = PBXBuildFile; fileRef = CCCAE4091CCF5E3B007A0B25 /* AppDelegate.m */; };
		CCCAE40D1CCF5E3B007A0B25 /* ViewController.m in Sources */ = {isa = PBXBuildFile; fileRef = CCCAE40C1CCF5E3B007A0B25 /* ViewController.m */; };
		CCCAE4101CCF5E3B007A0B25 /* Main.storyboard in Resources */ = {isa = PBXBuildFile; fileRef = CCCAE40E1CCF5E3B007A0B25 /* Main.storyboard */; };
		CCCAE4121CCF5E3B007A0B25 /* Assets.xcassets in Resources */ = {isa = PBXBuildFile; fileRef = CCCAE4111CCF5E3B007A0B25 /* Assets.xcassets */; };
		CCCAE4151CCF5E3B007A0B25 /* LaunchScreen.storyboard in Resources */ = {isa = PBXBuildFile; fileRef = CCCAE4131CCF5E3B007A0B25 /* LaunchScreen.storyboard */; };
		CCCAE4201CCF5E3B007A0B25 /* _4_KVODemoTests.m in Sources */ = {isa = PBXBuildFile; fileRef = CCCAE41F1CCF5E3B007A0B25 /* _4_KVODemoTests.m */; };
		CCCAE42B1CCF5E3B007A0B25 /* _4_KVODemoUITests.m in Sources */ = {isa = PBXBuildFile; fileRef = CCCAE42A1CCF5E3B007A0B25 /* _4_KVODemoUITests.m */; };
		CCCAE43A1CCF5EC5007A0B25 /* QYmode.m in Sources */ = {isa = PBXBuildFile; fileRef = CCCAE4391CCF5EC5007A0B25 /* QYmode.m */; };
/* End PBXBuildFile section */

/* Begin PBXContainerItemProxy section */
		CCCAE41C1CCF5E3B007A0B25 /* PBXContainerItemProxy */ = {
			isa = PBXContainerItemProxy;
			containerPortal = CCCAE3FA1CCF5E3B007A0B25 /* Project object */;
			proxyType = 1;
			remoteGlobalIDString = CCCAE4011CCF5E3B007A0B25;
			remoteInfo = "04-KVODemo";
		};
		CCCAE4271CCF5E3B007A0B25 /* PBXContainerItemProxy */ = {
			isa = PBXContainerItemProxy;
			containerPortal = CCCAE3FA1CCF5E3B007A0B25 /* Project object */;
			proxyType = 1;
			remoteGlobalIDString = CCCAE4011CCF5E3B007A0B25;
			remoteInfo = "04-KVODemo";
		};
/* End PBXContainerItemProxy section */

/* Begin PBXFileReference section */
		CCCAE4021CCF5E3B007A0B25 /* 04-KVODemo.app */ = {isa = PBXFileReference; explicitFileType = wrapper.application; includeInIndex = 0; path = "04-KVODemo.app"; sourceTree = BUILT_PRODUCTS_DIR; };
		CCCAE4061CCF5E3B007A0B25 /* main.m */ = {isa = PBXFileReference; lastKnownFileType = sourcecode.c.objc; path = main.m; sourceTree = "<group>"; };
		CCCAE4081CCF5E3B007A0B25 /* AppDelegate.h */ = {isa = PBXFileReference; lastKnownFileType = sourcecode.c.h; path = AppDelegate.h; sourceTree = "<group>"; };
		CCCAE4091CCF5E3B007A0B25 /* AppDelegate.m */ = {isa = PBXFileReference; lastKnownFileType = sourcecode.c.objc; path = AppDelegate.m; sourceTree = "<group>"; };
		CCCAE40B1CCF5E3B007A0B25 /* ViewController.h */ = {isa = PBXFileReference; lastKnownFileType = sourcecode.c.h; path = ViewController.h; sourceTree = "<group>"; };
		CCCAE40C1CCF5E3B007A0B25 /* ViewController.m */ = {isa = PBXFileReference; lastKnownFileType = sourcecode.c.objc; path = ViewController.m; sourceTree = "<group>"; };
		CCCAE40F1CCF5E3B007A0B25 /* Base */ = {isa = PBXFileReference; lastKnownFileType = file.storyboard; name = Base; path = Base.lproj/Main.storyboard; sourceTree = "<group>"; };
		CCCAE4111CCF5E3B007A0B25 /* Assets.xcassets */ = {isa = PBXFileReference; lastKnownFileType = folder.assetcatalog; path = Assets.xcassets; sourceTree = "<group>"; };
		CCCAE4141CCF5E3B007A0B25 /* Base */ = {isa = PBXFileReference; lastKnownFileType = file.storyboard; name = Base; path = Base.lproj/LaunchScreen.storyboard; sourceTree = "<group>"; };
		CCCAE4161CCF5E3B007A0B25 /* Info.plist */ = {isa = PBXFileReference; lastKnownFileType = text.plist.xml; path = Info.plist; sourceTree = "<group>"; };
		CCCAE41B1CCF5E3B007A0B25 /* 04-KVODemoTests.xctest */ = {isa = PBXFileReference; explicitFileType = wrapper.cfbundle; includeInIndex = 0; path = "04-KVODemoTests.xctest"; sourceTree = BUILT_PRODUCTS_DIR; };
		CCCAE41F1CCF5E3B007A0B25 /* _4_KVODemoTests.m */ = {isa = PBXFileReference; lastKnownFileType = sourcecode.c.objc; path = _4_KVODemoTests.m; sourceTree = "<group>"; };
		CCCAE4211CCF5E3B007A0B25 /* Info.plist */ = {isa = PBXFileReference; lastKnownFileType = text.plist.xml; path = Info.plist; sourceTree = "<group>"; };
		CCCAE4261CCF5E3B007A0B25 /* 04-KVODemoUITests.xctest */ = {isa = PBXFileReference; explicitFileType = wrapper.cfbundle; includeInIndex = 0; path = "04-KVODemoUITests.xctest"; sourceTree = BUILT_PRODUCTS_DIR; };
		CCCAE42A1CCF5E3B007A0B25 /* _4_KVODemoUITests.m */ = {isa = PBXFileReference; lastKnownFileType = sourcecode.c.objc; path = _4_KVODemoUITests.m; sourceTree = "<group>"; };
		CCCAE42C1CCF5E3B007A0B25 /* Info.plist */ = {isa = PBXFileReference; lastKnownFileType = text.plist.xml; path = Info.plist; sourceTree = "<group>"; };
		CCCAE4381CCF5EC5007A0B25 /* QYmode.h */ = {isa = PBXFileReference; fileEncoding = 4; lastKnownFileType = sourcecode.c.h; path = QYmode.h; sourceTree = "<group>"; };
		CCCAE4391CCF5EC5007A0B25 /* QYmode.m */ = {isa = PBXFileReference; fileEncoding = 4; lastKnownFileType = sourcecode.c.objc; path = QYmode.m; sourceTree = "<group>"; };
/* End PBXFileReference section */

/* Begin PBXFrameworksBuildPhase section */
		CCCAE3FF1CCF5E3B007A0B25 /* Frameworks */ = {
			isa = PBXFrameworksBuildPhase;
			buildActionMask = 2147483647;
			files = (
			);
			runOnlyForDeploymentPostprocessing = 0;
		};
		CCCAE4181CCF5E3B007A0B25 /* Frameworks */ = {
			isa = PBXFrameworksBuildPhase;
			buildActionMask = 2147483647;
			files = (
			);
			runOnlyForDeploymentPostprocessing = 0;
		};
		CCCAE4231CCF5E3B007A0B25 /* Frameworks */ = {
			isa = PBXFrameworksBuildPhase;
			buildActionMask = 2147483647;
			files = (
			);
			runOnlyForDeploymentPostprocessing = 0;
		};
/* End PBXFrameworksBuildPhase section */

/* Begin PBXGroup section */
		CCCAE3F91CCF5E3B007A0B25 = {
			isa = PBXGroup;
			children = (
				CCCAE4041CCF5E3B007A0B25 /* 04-KVODemo */,
				CCCAE41E1CCF5E3B007A0B25 /* 04-KVODemoTests */,
				CCCAE4291CCF5E3B007A0B25 /* 04-KVODemoUITests */,
				CCCAE4031CCF5E3B007A0B25 /* Products */,
			);
			sourceTree = "<group>";
		};
		CCCAE4031CCF5E3B007A0B25 /* Products */ = {
			isa = PBXGroup;
			children = (
				CCCAE4021CCF5E3B007A0B25 /* 04-KVODemo.app */,
				CCCAE41B1CCF5E3B007A0B25 /* 04-KVODemoTests.xctest */,
				CCCAE4261CCF5E3B007A0B25 /* 04-KVODemoUITests.xctest */,
			);
			name = Products;
			sourceTree = "<group>";
		};
		CCCAE4041CCF5E3B007A0B25 /* 04-KVODemo */ = {
			isa = PBXGroup;
			children = (
				CCCAE4081CCF5E3B007A0B25 /* AppDelegate.h */,
				CCCAE4091CCF5E3B007A0B25 /* AppDelegate.m */,
				CCCAE40B1CCF5E3B007A0B25 /* ViewController.h */,
				CCCAE40C1CCF5E3B007A0B25 /* ViewController.m */,
				CCCAE40E1CCF5E3B007A0B25 /* Main.storyboard */,
				CCCAE4381CCF5EC5007A0B25 /* QYmode.h */,
				CCCAE4391CCF5EC5007A0B25 /* QYmode.m */,
				CCCAE4111CCF5E3B007A0B25 /* Assets.xcassets */,
				CCCAE4131CCF5E3B007A0B25 /* LaunchScreen.storyboard */,
				CCCAE4161CCF5E3B007A0B25 /* Info.plist */,
				CCCAE4051CCF5E3B007A0B25 /* Supporting Files */,
			);
			path = "04-KVODemo";
			sourceTree = "<group>";
		};
		CCCAE4051CCF5E3B007A0B25 /* Supporting Files */ = {
			isa = PBXGroup;
			children = (
				CCCAE4061CCF5E3B007A0B25 /* main.m */,
			);
			name = "Supporting Files";
			sourceTree = "<group>";
		};
		CCCAE41E1CCF5E3B007A0B25 /* 04-KVODemoTests */ = {
			isa = PBXGroup;
			children = (
				CCCAE41F1CCF5E3B007A0B25 /* _4_KVODemoTests.m */,
				CCCAE4211CCF5E3B007A0B25 /* Info.plist */,
			);
			path = "04-KVODemoTests";
			sourceTree = "<group>";
		};
		CCCAE4291CCF5E3B007A0B25 /* 04-KVODemoUITests */ = {
			isa = PBXGroup;
			children = (
				CCCAE42A1CCF5E3B007A0B25 /* _4_KVODemoUITests.m */,
				CCCAE42C1CCF5E3B007A0B25 /* Info.plist */,
			);
			path = "04-KVODemoUITests";
			sourceTree = "<group>";
		};
/* End PBXGroup section */

/* Begin PBXNativeTarget section */
		CCCAE4011CCF5E3B007A0B25 /* 04-KVODemo */ = {
			isa = PBXNativeTarget;
			buildConfigurationList = CCCAE42F1CCF5E3B007A0B25 /* Build configuration list for PBXNativeTarget "04-KVODemo" */;
			buildPhases = (
				CCCAE3FE1CCF5E3B007A0B25 /* Sources */,
				CCCAE3FF1CCF5E3B007A0B25 /* Frameworks */,
				CCCAE4001CCF5E3B007A0B25 /* Resources */,
			);
			buildRules = (
			);
			dependencies = (
			);
			name = "04-KVODemo";
			productName = "04-KVODemo";
			productReference = CCCAE4021CCF5E3B007A0B25 /* 04-KVODemo.app */;
			productType = "com.apple.product-type.application";
		};
		CCCAE41A1CCF5E3B007A0B25 /* 04-KVODemoTests */ = {
			isa = PBXNativeTarget;
			buildConfigurationList = CCCAE4321CCF5E3B007A0B25 /* Build configuration list for PBXNativeTarget "04-KVODemoTests" */;
			buildPhases = (
				CCCAE4171CCF5E3B007A0B25 /* Sources */,
				CCCAE4181CCF5E3B007A0B25 /* Frameworks */,
				CCCAE4191CCF5E3B007A0B25 /* Resources */,
			);
			buildRules = (
			);
			dependencies = (
				CCCAE41D1CCF5E3B007A0B25 /* PBXTargetDependency */,
			);
			name = "04-KVODemoTests";
			productName = "04-KVODemoTests";
			productReference = CCCAE41B1CCF5E3B007A0B25 /* 04-KVODemoTests.xctest */;
			productType = "com.apple.product-type.bundle.unit-test";
		};
		CCCAE4251CCF5E3B007A0B25 /* 04-KVODemoUITests */ = {
			isa = PBXNativeTarget;
			buildConfigurationList = CCCAE4351CCF5E3B007A0B25 /* Build configuration list for PBXNativeTarget "04-KVODemoUITests" */;
			buildPhases = (
				CCCAE4221CCF5E3B007A0B25 /* Sources */,
				CCCAE4231CCF5E3B007A0B25 /* Frameworks */,
				CCCAE4241CCF5E3B007A0B25 /* Resources */,
			);
			buildRules = (
			);
			dependencies = (
				CCCAE4281CCF5E3B007A0B25 /* PBXTargetDependency */,
			);
			name = "04-KVODemoUITests";
			productName = "04-KVODemoUITests";
			productReference = CCCAE4261CCF5E3B007A0B25 /* 04-KVODemoUITests.xctest */;
			productType = "com.apple.product-type.bundle.ui-testing";
		};
/* End PBXNativeTarget section */

/* Begin PBXProject section */
		CCCAE3FA1CCF5E3B007A0B25 /* Project object */ = {
			isa = PBXProject;
			attributes = {
				LastUpgradeCheck = 0720;
				ORGANIZATIONNAME = "河南青云信息技术有限公司";
				TargetAttributes = {
					CCCAE4011CCF5E3B007A0B25 = {
						CreatedOnToolsVersion = 7.2;
					};
					CCCAE41A1CCF5E3B007A0B25 = {
						CreatedOnToolsVersion = 7.2;
						TestTargetID = CCCAE4011CCF5E3B007A0B25;
					};
					CCCAE4251CCF5E3B007A0B25 = {
						CreatedOnToolsVersion = 7.2;
						TestTargetID = CCCAE4011CCF5E3B007A0B25;
					};
				};
			};
			buildConfigurationList = CCCAE3FD1CCF5E3B007A0B25 /* Build configuration list for PBXProject "04-KVODemo" */;
			compatibilityVersion = "Xcode 3.2";
			developmentRegion = English;
			hasScannedForEncodings = 0;
			knownRegions = (
				en,
				Base,
			);
			mainGroup = CCCAE3F91CCF5E3B007A0B25;
			productRefGroup = CCCAE4031CCF5E3B007A0B25 /* Products */;
			projectDirPath = "";
			projectRoot = "";
			targets = (
				CCCAE4011CCF5E3B007A0B25 /* 04-KVODemo */,
				CCCAE41A1CCF5E3B007A0B25 /* 04-KVODemoTests */,
				CCCAE4251CCF5E3B007A0B25 /* 04-KVODemoUITests */,
			);
		};
/* End PBXProject section */

/* Begin PBXResourcesBuildPhase section */
		CCCAE4001CCF5E3B007A0B25 /* Resources */ = {
			isa = PBXResourcesBuildPhase;
			buildActionMask = 2147483647;
			files = (
				CCCAE4151CCF5E3B007A0B25 /* LaunchScreen.storyboard in Resources */,
				CCCAE4121CCF5E3B007A0B25 /* Assets.xcassets in Resources */,
				CCCAE4101CCF5E3B007A0B25 /* Main.storyboard in Resources */,
			);
			runOnlyForDeploymentPostprocessing = 0;
		};
		CCCAE4191CCF5E3B007A0B25 /* Resources */ = {
			isa = PBXResourcesBuildPhase;
			buildActionMask = 2147483647;
			files = (
			);
			runOnlyForDeploymentPostprocessing = 0;
		};
		CCCAE4241CCF5E3B007A0B25 /* Resources */ = {
			isa = PBXResourcesBuildPhase;
			buildActionMask = 2147483647;
			files = (
			);
			runOnlyForDeploymentPostprocessing = 0;
		};
/* End PBXResourcesBuildPhase section */

/* Begin PBXSourcesBuildPhase section */
		CCCAE3FE1CCF5E3B007A0B25 /* Sources */ = {
			isa = PBXSourcesBuildPhase;
			buildActionMask = 2147483647;
			files = (
				CCCAE40D1CCF5E3B007A0B25 /* ViewController.m in Sources */,
				CCCAE40A1CCF5E3B007A0B25 /* AppDelegate.m in Sources */,
				CCCAE43A1CCF5EC5007A0B25 /* QYmode.m in Sources */,
				CCCAE4071CCF5E3B007A0B25 /* main.m in Sources */,
			);
			runOnlyForDeploymentPostprocessing = 0;
		};
		CCCAE4171CCF5E3B007A0B25 /* Sources */ = {
			isa = PBXSourcesBuildPhase;
			buildActionMask = 2147483647;
			files = (
				CCCAE4201CCF5E3B007A0B25 /* _4_KVODemoTests.m in Sources */,
			);
			runOnlyForDeploymentPostprocessing = 0;
		};
		CCCAE4221CCF5E3B007A0B25 /* Sources */ = {
			isa = PBXSourcesBuildPhase;
			buildActionMask = 2147483647;
			files = (
				CCCAE42B1CCF5E3B007A0B25 /* _4_KVODemoUITests.m in Sources */,
			);
			runOnlyForDeploymentPostprocessing = 0;
		};
/* End PBXSourcesBuildPhase section */

/* Begin PBXTargetDependency section */
		CCCAE41D1CCF5E3B007A0B25 /* PBXTargetDependency */ = {
			isa = PBXTargetDependency;
			target = CCCAE4011CCF5E3B007A0B25 /* 04-KVODemo */;
			targetProxy = CCCAE41C1CCF5E3B007A0B25 /* PBXContainerItemProxy */;
		};
		CCCAE4281CCF5E3B007A0B25 /* PBXTargetDependency */ = {
			isa = PBXTargetDependency;
			target = CCCAE4011CCF5E3B007A0B25 /* 04-KVODemo */;
			targetProxy = CCCAE4271CCF5E3B007A0B25 /* PBXContainerItemProxy */;
		};
/* End PBXTargetDependency section */

/* Begin PBXVariantGroup section */
		CCCAE40E1CCF5E3B007A0B25 /* Main.storyboard */ = {
			isa = PBXVariantGroup;
			children = (
				CCCAE40F1CCF5E3B007A0B25 /* Base */,
			);
			name = Main.storyboard;
			sourceTree = "<group>";
		};
		CCCAE4131CCF5E3B007A0B25 /* LaunchScreen.storyboard */ = {
			isa = PBXVariantGroup;
			children = (
				CCCAE4141CCF5E3B007A0B25 /* Base */,
			);
			name = LaunchScreen.storyboard;
			sourceTree = "<group>";
		};
/* End PBXVariantGroup section */

/* Begin XCBuildConfiguration section */
		CCCAE42D1CCF5E3B007A0B25 /* Debug */ = {
			isa = XCBuildConfiguration;
			buildSettings = {
				ALWAYS_SEARCH_USER_PATHS = NO;
				CLANG_CXX_LANGUAGE_STANDARD = "gnu++0x";
				CLANG_CXX_LIBRARY = "libc++";
				CLANG_ENABLE_MODULES = YES;
				CLANG_ENABLE_OBJC_ARC = YES;
				CLANG_WARN_BOOL_CONVERSION = YES;
				CLANG_WARN_CONSTANT_CONVERSION = YES;
				CLANG_WARN_DIRECT_OBJC_ISA_USAGE = YES_ERROR;
				CLANG_WARN_EMPTY_BODY = YES;
				CLANG_WARN_ENUM_CONVERSION = YES;
				CLANG_WARN_INT_CONVERSION = YES;
				CLANG_WARN_OBJC_ROOT_CLASS = YES_ERROR;
				CLANG_WARN_UNREACHABLE_CODE = YES;
				CLANG_WARN__DUPLICATE_METHOD_MATCH = YES;
				"CODE_SIGN_IDENTITY[sdk=iphoneos*]" = "iPhone Developer";
				COPY_PHASE_STRIP = NO;
				DEBUG_INFORMATION_FORMAT = dwarf;
				ENABLE_STRICT_OBJC_MSGSEND = YES;
				ENABLE_TESTABILITY = YES;
				GCC_C_LANGUAGE_STANDARD = gnu99;
				GCC_DYNAMIC_NO_PIC = NO;
				GCC_NO_COMMON_BLOCKS = YES;
				GCC_OPTIMIZATION_LEVEL = 0;
				GCC_PREPROCESSOR_DEFINITIONS = (
					"DEBUG=1",
					"$(inherited)",
				);
				GCC_WARN_64_TO_32_BIT_CONVERSION = YES;
				GCC_WARN_ABOUT_RETURN_TYPE = YES_ERROR;
				GCC_WARN_UNDECLARED_SELECTOR = YES;
				GCC_WARN_UNINITIALIZED_AUTOS = YES_AGGRESSIVE;
				GCC_WARN_UNUSED_FUNCTION = YES;
				GCC_WARN_UNUSED_VARIABLE = YES;
				IPHONEOS_DEPLOYMENT_TARGET = 9.2;
				MTL_ENABLE_DEBUG_INFO = YES;
				ONLY_ACTIVE_ARCH = YES;
				SDKROOT = iphoneos;
			};
			name = Debug;
		};
		CCCAE42E1CCF5E3B007A0B25 /* Release */ = {
			isa = XCBuildConfiguration;
			buildSettings = {
				ALWAYS_SEARCH_USER_PATHS = NO;
				CLANG_CXX_LANGUAGE_STANDARD = "gnu++0x";
				CLANG_CXX_LIBRARY = "libc++";
				CLANG_ENABLE_MODULES = YES;
				CLANG_ENABLE_OBJC_ARC = YES;
				CLANG_WARN_BOOL_CONVERSION = YES;
				CLANG_WARN_CONSTANT_CONVERSION = YES;
				CLANG_WARN_DIRECT_OBJC_ISA_USAGE = YES_ERROR;
				CLANG_WARN_EMPTY_BODY = YES;
				CLANG_WARN_ENUM_CONVERSION = YES;
				CLANG_WARN_INT_CONVERSION = YES;
				CLANG_WARN_OBJC_ROOT_CLASS = YES_ERROR;
				CLANG_WARN_UNREACHABLE_CODE = YES;
				CLANG_WARN__DUPLICATE_METHOD_MATCH = YES;
				"CODE_SIGN_IDENTITY[sdk=iphoneos*]" = "iPhone Developer";
				COPY_PHASE_STRIP = NO;
				DEBUG_INFORMATION_FORMAT = "dwarf-with-dsym";
				ENABLE_NS_ASSERTIONS = NO;
				ENABLE_STRICT_OBJC_MSGSEND = YES;
				GCC_C_LANGUAGE_STANDARD = gnu99;
				GCC_NO_COMMON_BLOCKS = YES;
				GCC_WARN_64_TO_32_BIT_CONVERSION = YES;
				GCC_WARN_ABOUT_RETURN_TYPE = YES_ERROR;
				GCC_WARN_UNDECLARED_SELECTOR = YES;
				GCC_WARN_UNINITIALIZED_AUTOS = YES_AGGRESSIVE;
				GCC_WARN_UNUSED_FUNCTION = YES;
				GCC_WARN_UNUSED_VARIABLE = YES;
				IPHONEOS_DEPLOYMENT_TARGET = 9.2;
				MTL_ENABLE_DEBUG_INFO = NO;
				SDKROOT = iphoneos;
				VALIDATE_PRODUCT = YES;
			};
			name = Release;
		};
		CCCAE4301CCF5E3B007A0B25 /* Debug */ = {
			isa = XCBuildConfiguration;
			buildSettings = {
				ASSETCATALOG_COMPILER_APPICON_NAME = AppIcon;
				INFOPLIST_FILE = "04-KVODemo/Info.plist";
				LD_RUNPATH_SEARCH_PATHS = "$(inherited) @executable_path/Frameworks";
				PRODUCT_BUNDLE_IDENTIFIER = "com.hnqingyun.-4-KVODemo";
				PRODUCT_NAME = "$(TARGET_NAME)";
			};
			name = Debug;
		};
		CCCAE4311CCF5E3B007A0B25 /* Release */ = {
			isa = XCBuildConfiguration;
			buildSettings = {
				ASSETCATALOG_COMPILER_APPICON_NAME = AppIcon;
				INFOPLIST_FILE = "04-KVODemo/Info.plist";
				LD_RUNPATH_SEARCH_PATHS = "$(inherited) @executable_path/Frameworks";
				PRODUCT_BUNDLE_IDENTIFIER = "com.hnqingyun.-4-KVODemo";
				PRODUCT_NAME = "$(TARGET_NAME)";
			};
			name = Release;
		};
		CCCAE4331CCF5E3B007A0B25 /* Debug */ = {
			isa = XCBuildConfiguration;
			buildSettings = {
				BUNDLE_LOADER = "$(TEST_HOST)";
				INFOPLIST_FILE = "04-KVODemoTests/Info.plist";
				LD_RUNPATH_SEARCH_PATHS = "$(inherited) @executable_path/Frameworks @loader_path/Frameworks";
				PRODUCT_BUNDLE_IDENTIFIER = "com.hnqingyun.-4-KVODemoTests";
				PRODUCT_NAME = "$(TARGET_NAME)";
				TEST_HOST = "$(BUILT_PRODUCTS_DIR)/04-KVODemo.app/04-KVODemo";
			};
			name = Debug;
		};
		CCCAE4341CCF5E3B007A0B25 /* Release */ = {
			isa = XCBuildConfiguration;
			buildSettings = {
				BUNDLE_LOADER = "$(TEST_HOST)";
				INFOPLIST_FILE = "04-KVODemoTests/Info.plist";
				LD_RUNPATH_SEARCH_PATHS = "$(inherited) @executable_path/Frameworks @loader_path/Frameworks";
				PRODUCT_BUNDLE_IDENTIFIER = "com.hnqingyun.-4-KVODemoTests";
				PRODUCT_NAME = "$(TARGET_NAME)";
				TEST_HOST = "$(BUILT_PRODUCTS_DIR)/04-KVODemo.app/04-KVODemo";
			};
			name = Release;
		};
		CCCAE4361CCF5E3B007A0B25 /* Debug */ = {
			isa = XCBuildConfiguration;
			buildSettings = {
				INFOPLIST_FILE = "04-KVODemoUITests/Info.plist";
				LD_RUNPATH_SEARCH_PATHS = "$(inherited) @executable_path/Frameworks @loader_path/Frameworks";
				PRODUCT_BUNDLE_IDENTIFIER = "com.hnqingyun.-4-KVODemoUITests";
				PRODUCT_NAME = "$(TARGET_NAME)";
				TEST_TARGET_NAME = "04-KVODemo";
				USES_XCTRUNNER = YES;
			};
			name = Debug;
		};
		CCCAE4371CCF5E3B007A0B25 /* Release */ = {
			isa = XCBuildConfiguration;
			buildSettings = {
				INFOPLIST_FILE = "04-KVODemoUITests/Info.plist";
				LD_RUNPATH_SEARCH_PATHS = "$(inherited) @executable_path/Frameworks @loader_path/Frameworks";
				PRODUCT_BUNDLE_IDENTIFIER = "com.hnqingyun.-4-KVODemoUITests";
				PRODUCT_NAME = "$(TARGET_NAME)";
				TEST_TARGET_NAME = "04-KVODemo";
				USES_XCTRUNNER = YES;
			};
			name = Release;
		};
/* End XCBuildConfiguration section */

/* Begin XCConfigurationList section */
		CCCAE3FD1CCF5E3B007A0B25 /* Build configuration list for PBXProject "04-KVODemo" */ = {
			isa = XCConfigurationList;
			buildConfigurations = (
				CCCAE42D1CCF5E3B007A0B25 /* Debug */,
				CCCAE42E1CCF5E3B007A0B25 /* Release */,
			);
			defaultConfigurationIsVisible = 0;
			defaultConfigurationName = Release;
		};
		CCCAE42F1CCF5E3B007A0B25 /* Build configuration list for PBXNativeTarget "04-KVODemo" */ = {
			isa = XCConfigurationList;
			buildConfigurations = (
				CCCAE4301CCF5E3B007A0B25 /* Debug */,
				CCCAE4311CCF5E3B007A0B25 /* Release */,
			);
			defaultConfigurationIsVisible = 0;
		};
		CCCAE4321CCF5E3B007A0B25 /* Build configuration list for PBXNativeTarget "04-KVODemoTests" */ = {
			isa = XCConfigurationList;
			buildConfigurations = (
				CCCAE4331CCF5E3B007A0B25 /* Debug */,
				CCCAE4341CCF5E3B007A0B25 /* Release */,
			);
			defaultConfigurationIsVisible = 0;
		};
		CCCAE4351CCF5E3B007A0B25 /* Build configuration list for PBXNativeTarget "04-KVODemoUITests" */ = {
			isa = XCConfigurationList;
			buildConfigurations = (
				CCCAE4361CCF5E3B007A0B25 /* Debug */,
				CCCAE4371CCF5E3B007A0B25 /* Release */,
			);
			defaultConfigurationIsVisible = 0;
		};
/* End XCConfigurationList section */
	};
	rootObject = CCCAE3FA1CCF5E3B007A0B25 /* Project object */;
}
